{
  "object": {
    "pins": [
      {
        "package": "Adhan",
        "repositoryURL": "https://github.com/batoulapps/adhan-swift",
        "state": {
          "branch": "master",
          "revision": "49f8ff16feb649e56d0202a177d1304cbec2e210",
          "version": null
        }
      }
    ]
  },
  "version": 1
}
